// !$*UTF8*$!
{
	archiveVersion = 1;
	classes = {
	};
	objectVersion = 50;
	objects = {

/* Begin PBXBuildFile section */
		F465F1E626C7D2AD00F6D81D /* i2icomApp.swift in Sources */ = {isa = PBXBuildFile; fileRef = F496879126C6515500AF4F25 /* i2icomApp.swift */; };
		F465F1E726C7D2AD00F6D81D /* LoginRegisterView.swift in Sources */ = {isa = PBXBuildFile; fileRef = F496879326C6515500AF4F25 /* LoginRegisterView.swift */; };
		F465F1E926C7D2CA00F6D81D /* Cookie-Regular.ttf in Resources */ = {isa = PBXBuildFile; fileRef = F465F1E826C7D2CA00F6D81D /* Cookie-Regular.ttf */; };
		F465F1EB26C7D7E400F6D81D /* LoginView.swift in Sources */ = {isa = PBXBuildFile; fileRef = F465F1EA26C7D7E400F6D81D /* LoginView.swift */; };
		F465F1ED26C840E600F6D81D /* MobileRegisterView.swift in Sources */ = {isa = PBXBuildFile; fileRef = F465F1EC26C840E600F6D81D /* MobileRegisterView.swift */; };
		F465F1F026C8531000F6D81D /* CustomerInfoView.swift in Sources */ = {isa = PBXBuildFile; fileRef = F465F1EE26C852EE00F6D81D /* CustomerInfoView.swift */; };
		F496879626C6515700AF4F25 /* Assets.xcassets in Resources */ = {isa = PBXBuildFile; fileRef = F496879526C6515700AF4F25 /* Assets.xcassets */; };
		F496879926C6515700AF4F25 /* Preview Assets.xcassets in Resources */ = {isa = PBXBuildFile; fileRef = F496879826C6515700AF4F25 /* Preview Assets.xcassets */; };
		F49C1AE426C90B93008633AA /* PackageInfoView.swift in Sources */ = {isa = PBXBuildFile; fileRef = F49C1AE326C90B93008633AA /* PackageInfoView.swift */; };
		F49C1AE626C922B3008633AA /* SendCodeView.swift in Sources */ = {isa = PBXBuildFile; fileRef = F49C1AE526C922B3008633AA /* SendCodeView.swift */; };
		F49C1AE926C925E9008633AA /* ValidateView.swift in Sources */ = {isa = PBXBuildFile; fileRef = F49C1AE726C925DC008633AA /* ValidateView.swift */; };
/* End PBXBuildFile section */

/* Begin PBXFileReference section */
		F465F1E826C7D2CA00F6D81D /* Cookie-Regular.ttf */ = {isa = PBXFileReference; lastKnownFileType = file; path = "Cookie-Regular.ttf"; sourceTree = "<group>"; };
		F465F1EA26C7D7E400F6D81D /* LoginView.swift */ = {isa = PBXFileReference; lastKnownFileType = sourcecode.swift; path = LoginView.swift; sourceTree = "<group>"; };
		F465F1EC26C840E600F6D81D /* MobileRegisterView.swift */ = {isa = PBXFileReference; lastKnownFileType = sourcecode.swift; path = MobileRegisterView.swift; sourceTree = "<group>"; };
		F465F1EE26C852EE00F6D81D /* CustomerInfoView.swift */ = {isa = PBXFileReference; lastKnownFileType = sourcecode.swift; path = CustomerInfoView.swift; sourceTree = "<group>"; };
		F496878E26C6515500AF4F25 /* i2icom.app */ = {isa = PBXFileReference; explicitFileType = wrapper.application; includeInIndex = 0; path = i2icom.app; sourceTree = BUILT_PRODUCTS_DIR; };
		F496879126C6515500AF4F25 /* i2icomApp.swift */ = {isa = PBXFileReference; lastKnownFileType = sourcecode.swift; path = i2icomApp.swift; sourceTree = "<group>"; };
		F496879326C6515500AF4F25 /* LoginRegisterView.swift */ = {isa = PBXFileReference; lastKnownFileType = sourcecode.swift; path = LoginRegisterView.swift; sourceTree = "<group>"; };
		F496879526C6515700AF4F25 /* Assets.xcassets */ = {isa = PBXFileReference; lastKnownFileType = folder.assetcatalog; path = Assets.xcassets; sourceTree = "<group>"; };
		F496879826C6515700AF4F25 /* Preview Assets.xcassets */ = {isa = PBXFileReference; lastKnownFileType = folder.assetcatalog; path = "Preview Assets.xcassets"; sourceTree = "<group>"; };
		F496879A26C6515700AF4F25 /* Info.plist */ = {isa = PBXFileReference; lastKnownFileType = text.plist.xml; path = Info.plist; sourceTree = "<group>"; };
		F49C1AE326C90B93008633AA /* PackageInfoView.swift */ = {isa = PBXFileReference; lastKnownFileType = sourcecode.swift; path = PackageInfoView.swift; sourceTree = "<group>"; };
		F49C1AE526C922B3008633AA /* SendCodeView.swift */ = {isa = PBXFileReference; lastKnownFileType = sourcecode.swift; path = SendCodeView.swift; sourceTree = "<group>"; };
		F49C1AE726C925DC008633AA /* ValidateView.swift */ = {isa = PBXFileReference; lastKnownFileType = sourcecode.swift; path = ValidateView.swift; sourceTree = "<group>"; };
/* End PBXFileReference section */

/* Begin PBXGroup section */
		F496878526C6515500AF4F25 = {
			isa = PBXGroup;
			children = (
				F496879026C6515500AF4F25 /* i2icom */,
				F496878F26C6515500AF4F25 /* Products */,
			);
			sourceTree = "<group>";
		};
		F496878F26C6515500AF4F25 /* Products */ = {
			isa = PBXGroup;
			children = (
				F496878E26C6515500AF4F25 /* i2icom.app */,
			);
			name = Products;
			sourceTree = "<group>";
		};
		F496879026C6515500AF4F25 /* i2icom */ = {
			isa = PBXGroup;
			children = (
				F49C1AE726C925DC008633AA /* ValidateView.swift */,
				F465F1EE26C852EE00F6D81D /* CustomerInfoView.swift */,
				F49C1AE326C90B93008633AA /* PackageInfoView.swift */,
				F49C1AE526C922B3008633AA /* SendCodeView.swift */,
				F465F1E826C7D2CA00F6D81D /* Cookie-Regular.ttf */,
				F496879126C6515500AF4F25 /* i2icomApp.swift */,
				F496879326C6515500AF4F25 /* LoginRegisterView.swift */,
				F465F1EC26C840E600F6D81D /* MobileRegisterView.swift */,
				F465F1EA26C7D7E400F6D81D /* LoginView.swift */,
				F496879526C6515700AF4F25 /* Assets.xcassets */,
				F496879A26C6515700AF4F25 /* Info.plist */,
				F496879726C6515700AF4F25 /* Preview Content */,
			);
			path = i2icom;
			sourceTree = "<group>";
		};
		F496879726C6515700AF4F25 /* Preview Content */ = {
			isa = PBXGroup;
			children = (
				F496879826C6515700AF4F25 /* Preview Assets.xcassets */,
			);
			path = "Preview Content";
			sourceTree = "<group>";
		};
/* End PBXGroup section */

/* Begin PBXNativeTarget section */
		F496878D26C6515500AF4F25 /* i2icom */ = {
			isa = PBXNativeTarget;
			buildConfigurationList = F496879D26C6515700AF4F25 /* Build configuration list for PBXNativeTarget "i2icom" */;
			buildPhases = (
				F496878C26C6515500AF4F25 /* Resources */,
				F4C9B19B26C7C10E00618FD7 /* Sources */,
			);
			buildRules = (
			);
			dependencies = (
			);
			name = i2icom;
			productName = i2icom;
			productReference = F496878E26C6515500AF4F25 /* i2icom.app */;
			productType = "com.apple.product-type.application";
		};
/* End PBXNativeTarget section */

/* Begin PBXProject section */
		F496878626C6515500AF4F25 /* Project object */ = {
			isa = PBXProject;
			attributes = {
				LastSwiftUpdateCheck = 1250;
				LastUpgradeCheck = 1250;
				TargetAttributes = {
					F496878D26C6515500AF4F25 = {
						CreatedOnToolsVersion = 12.5.1;
					};
				};
			};
			buildConfigurationList = F496878926C6515500AF4F25 /* Build configuration list for PBXProject "i2icom" */;
			compatibilityVersion = "Xcode 9.3";
			developmentRegion = en;
			hasScannedForEncodings = 0;
			knownRegions = (
				en,
				Base,
			);
			mainGroup = F496878526C6515500AF4F25;
			productRefGroup = F496878F26C6515500AF4F25 /* Products */;
			projectDirPath = "";
			projectRoot = "";
			targets = (
				F496878D26C6515500AF4F25 /* i2icom */,
			);
		};
/* End PBXProject section */

/* Begin PBXResourcesBuildPhase section */
		F496878C26C6515500AF4F25 /* Resources */ = {
			isa = PBXResourcesBuildPhase;
			buildActionMask = 2147483647;
			files = (
				F465F1E926C7D2CA00F6D81D /* Cookie-Regular.ttf in Resources */,
				F496879926C6515700AF4F25 /* Preview Assets.xcassets in Resources */,
				F496879626C6515700AF4F25 /* Assets.xcassets in Resources */,
			);
			runOnlyForDeploymentPostprocessing = 0;
		};
/* End PBXResourcesBuildPhase section */

/* Begin PBXSourcesBuildPhase section */
		F4C9B19B26C7C10E00618FD7 /* Sources */ = {
			isa = PBXSourcesBuildPhase;
			buildActionMask = 2147483647;
			files = (
				F49C1AE926C925E9008633AA /* ValidateView.swift in Sources */,
				F465F1F026C8531000F6D81D /* CustomerInfoView.swift in Sources */,
				F465F1EB26C7D7E400F6D81D /* LoginView.swift in Sources */,
				F465F1E626C7D2AD00F6D81D /* i2icomApp.swift in Sources */,
				F49C1AE426C90B93008633AA /* PackageInfoView.swift in Sources */,
				F465F1E726C7D2AD00F6D81D /* LoginRegisterView.swift in Sources */,
				F465F1ED26C840E600F6D81D /* MobileRegisterView.swift in Sources */,
				F49C1AE626C922B3008633AA /* SendCodeView.swift in Sources */,
			);
			runOnlyForDeploymentPostprocessing = 0;
		};
/* End PBXSourcesBuildPhase section */

/* Begin XCBuildConfiguration section */
		F496879B26C6515700AF4F25 /* Debug */ = {
			isa = XCBuildConfiguration;
			buildSettings = {
				ALWAYS_SEARCH_USER_PATHS = NO;
				CLANG_ANALYZER_NONNULL = YES;
				CLANG_ANALYZER_NUMBER_OBJECT_CONVERSION = YES_AGGRESSIVE;
				CLANG_CXX_LANGUAGE_STANDARD = "gnu++14";
				CLANG_CXX_LIBRARY = "libc++";
				CLANG_ENABLE_MODULES = YES;
				CLANG_ENABLE_OBJC_ARC = YES;
				CLANG_ENABLE_OBJC_WEAK = YES;
				CLANG_WARN_BLOCK_CAPTURE_AUTORELEASING = YES;
				CLANG_WARN_BOOL_CONVERSION = YES;
				CLANG_WARN_COMMA = YES;
				CLANG_WARN_CONSTANT_CONVERSION = YES;
				CLANG_WARN_DEPRECATED_OBJC_IMPLEMENTATIONS = YES;
				CLANG_WARN_DIRECT_OBJC_ISA_USAGE = YES_ERROR;
				CLANG_WARN_DOCUMENTATION_COMMENTS = YES;
				CLANG_WARN_EMPTY_BODY = YES;
				CLANG_WARN_ENUM_CONVERSION = YES;
				CLANG_WARN_INFINITE_RECURSION = YES;
				CLANG_WARN_INT_CONVERSION = YES;
				CLANG_WARN_NON_LITERAL_NULL_CONVERSION = YES;
				CLANG_WARN_OBJC_IMPLICIT_RETAIN_SELF = YES;
				CLANG_WARN_OBJC_LITERAL_CONVERSION = YES;
				CLANG_WARN_OBJC_ROOT_CLASS = YES_ERROR;
				CLANG_WARN_QUOTED_INCLUDE_IN_FRAMEWORK_HEADER = YES;
				CLANG_WARN_RANGE_LOOP_ANALYSIS = YES;
				CLANG_WARN_STRICT_PROTOTYPES = YES;
				CLANG_WARN_SUSPICIOUS_MOVE = YES;
				CLANG_WARN_UNGUARDED_AVAILABILITY = YES_AGGRESSIVE;
				CLANG_WARN_UNREACHABLE_CODE = YES;
				CLANG_WARN__DUPLICATE_METHOD_MATCH = YES;
				COPY_PHASE_STRIP = NO;
				DEBUG_INFORMATION_FORMAT = dwarf;
				ENABLE_STRICT_OBJC_MSGSEND = YES;
				ENABLE_TESTABILITY = YES;
				GCC_C_LANGUAGE_STANDARD = gnu11;
				GCC_DYNAMIC_NO_PIC = NO;
				GCC_NO_COMMON_BLOCKS = YES;
				GCC_OPTIMIZATION_LEVEL = 0;
				GCC_PREPROCESSOR_DEFINITIONS = (
					"DEBUG=1",
					"$(inherited)",
				);
				GCC_WARN_64_TO_32_BIT_CONVERSION = YES;
				GCC_WARN_ABOUT_RETURN_TYPE = YES_ERROR;
				GCC_WARN_UNDECLARED_SELECTOR = YES;
				GCC_WARN_UNINITIALIZED_AUTOS = YES_AGGRESSIVE;
				GCC_WARN_UNUSED_FUNCTION = YES;
				GCC_WARN_UNUSED_VARIABLE = YES;
				IPHONEOS_DEPLOYMENT_TARGET = 14.5;
				MTL_ENABLE_DEBUG_INFO = INCLUDE_SOURCE;
				MTL_FAST_MATH = YES;
				ONLY_ACTIVE_ARCH = YES;
				SDKROOT = iphoneos;
				SWIFT_ACTIVE_COMPILATION_CONDITIONS = DEBUG;
				SWIFT_OPTIMIZATION_LEVEL = "-Onone";
			};
			name = Debug;
		};
		F496879C26C6515700AF4F25 /* Release */ = {
			isa = XCBuildConfiguration;
			buildSettings = {
				ALWAYS_SEARCH_USER_PATHS = NO;
				CLANG_ANALYZER_NONNULL = YES;
				CLANG_ANALYZER_NUMBER_OBJECT_CONVERSION = YES_AGGRESSIVE;
				CLANG_CXX_LANGUAGE_STANDARD = "gnu++14";
				CLANG_CXX_LIBRARY = "libc++";
				CLANG_ENABLE_MODULES = YES;
				CLANG_ENABLE_OBJC_ARC = YES;
				CLANG_ENABLE_OBJC_WEAK = YES;
				CLANG_WARN_BLOCK_CAPTURE_AUTORELEASING = YES;
				CLANG_WARN_BOOL_CONVERSION = YES;
				CLANG_WARN_COMMA = YES;
				CLANG_WARN_CONSTANT_CONVERSION = YES;
				CLANG_WARN_DEPRECATED_OBJC_IMPLEMENTATIONS = YES;
				CLANG_WARN_DIRECT_OBJC_ISA_USAGE = YES_ERROR;
				CLANG_WARN_DOCUMENTATION_COMMENTS = YES;
				CLANG_WARN_EMPTY_BODY = YES;
				CLANG_WARN_ENUM_CONVERSION = YES;
				CLANG_WARN_INFINITE_RECURSION = YES;
				CLANG_WARN_INT_CONVERSION = YES;
				CLANG_WARN_NON_LITERAL_NULL_CONVERSION = YES;
				CLANG_WARN_OBJC_IMPLICIT_RETAIN_SELF = YES;
				CLANG_WARN_OBJC_LITERAL_CONVERSION = YES;
				CLANG_WARN_OBJC_ROOT_CLASS = YES_ERROR;
				CLANG_WARN_QUOTED_INCLUDE_IN_FRAMEWORK_HEADER = YES;
				CLANG_WARN_RANGE_LOOP_ANALYSIS = YES;
				CLANG_WARN_STRICT_PROTOTYPES = YES;
				CLANG_WARN_SUSPICIOUS_MOVE = YES;
				CLANG_WARN_UNGUARDED_AVAILABILITY = YES_AGGRESSIVE;
				CLANG_WARN_UNREACHABLE_CODE = YES;
				CLANG_WARN__DUPLICATE_METHOD_MATCH = YES;
				COPY_PHASE_STRIP = NO;
				DEBUG_INFORMATION_FORMAT = "dwarf-with-dsym";
				ENABLE_NS_ASSERTIONS = NO;
				ENABLE_STRICT_OBJC_MSGSEND = YES;
				GCC_C_LANGUAGE_STANDARD = gnu11;
				GCC_NO_COMMON_BLOCKS = YES;
				GCC_WARN_64_TO_32_BIT_CONVERSION = YES;
				GCC_WARN_ABOUT_RETURN_TYPE = YES_ERROR;
				GCC_WARN_UNDECLARED_SELECTOR = YES;
				GCC_WARN_UNINITIALIZED_AUTOS = YES_AGGRESSIVE;
				GCC_WARN_UNUSED_FUNCTION = YES;
				GCC_WARN_UNUSED_VARIABLE = YES;
				IPHONEOS_DEPLOYMENT_TARGET = 14.5;
				MTL_ENABLE_DEBUG_INFO = NO;
				MTL_FAST_MATH = YES;
				SDKROOT = iphoneos;
				SWIFT_COMPILATION_MODE = wholemodule;
				SWIFT_OPTIMIZATION_LEVEL = "-O";
				VALIDATE_PRODUCT = YES;
			};
			name = Release;
		};
		F496879E26C6515700AF4F25 /* Debug */ = {
			isa = XCBuildConfiguration;
			buildSettings = {
				ASSETCATALOG_COMPILER_APPICON_NAME = AppIcon;
				ASSETCATALOG_COMPILER_GLOBAL_ACCENT_COLOR_NAME = AccentColor;
				CODE_SIGN_STYLE = Automatic;
				DEVELOPMENT_ASSET_PATHS = "\"i2icom/Preview Content\"";
				ENABLE_PREVIEWS = YES;
				INFOPLIST_FILE = i2icom/Info.plist;
				IPHONEOS_DEPLOYMENT_TARGET = 14.0;
				LD_RUNPATH_SEARCH_PATHS = (
					"$(inherited)",
					"@executable_path/Frameworks",
				);
				PRODUCT_BUNDLE_IDENTIFIER = Student.i2icom;
				PRODUCT_NAME = "$(TARGET_NAME)";
				SWIFT_VERSION = 5.0;
				TARGETED_DEVICE_FAMILY = "1,2";
			};
			name = Debug;
		};
		F496879F26C6515700AF4F25 /* Release */ = {
			isa = XCBuildConfiguration;
			buildSettings = {
				ASSETCATALOG_COMPILER_APPICON_NAME = AppIcon;
				ASSETCATALOG_COMPILER_GLOBAL_ACCENT_COLOR_NAME = AccentColor;
				CODE_SIGN_STYLE = Automatic;
				DEVELOPMENT_ASSET_PATHS = "\"i2icom/Preview Content\"";
				ENABLE_PREVIEWS = YES;
				INFOPLIST_FILE = i2icom/Info.plist;
				IPHONEOS_DEPLOYMENT_TARGET = 14.0;
				LD_RUNPATH_SEARCH_PATHS = (
					"$(inherited)",
					"@executable_path/Frameworks",
				);
				PRODUCT_BUNDLE_IDENTIFIER = Student.i2icom;
				PRODUCT_NAME = "$(TARGET_NAME)";
				SWIFT_VERSION = 5.0;
				TARGETED_DEVICE_FAMILY = "1,2";
			};
			name = Release;
		};
/* End XCBuildConfiguration section */

/* Begin XCConfigurationList section */
		F496878926C6515500AF4F25 /* Build configuration list for PBXProject "i2icom" */ = {
			isa = XCConfigurationList;
			buildConfigurations = (
				F496879B26C6515700AF4F25 /* Debug */,
				F496879C26C6515700AF4F25 /* Release */,
			);
			defaultConfigurationIsVisible = 0;
			defaultConfigurationName = Release;
		};
		F496879D26C6515700AF4F25 /* Build configuration list for PBXNativeTarget "i2icom" */ = {
			isa = XCConfigurationList;
			buildConfigurations = (
				F496879E26C6515700AF4F25 /* Debug */,
				F496879F26C6515700AF4F25 /* Release */,
			);
			defaultConfigurationIsVisible = 0;
			defaultConfigurationName = Release;
		};
/* End XCConfigurationList section */
	};
	rootObject = F496878626C6515500AF4F25 /* Project object */;
}
